<?xml version="1.0" encoding="utf-8"?>
<Project ToolsVersion="4.0" xmlns:atg="http://atg.xbox.com" xmlns="http://schemas.microsoft.com/developer/msbuild/2003">
  <ItemGroup>
    <Filter Include="Resource Files">
      <UniqueIdentifier>{8e114980-c1a3-4ada-ad7c-83caadf5daeb}</UniqueIdentifier>
      <Extensions>rc;ico;cur;bmp;dlg;rc2;rct;bin;rgs;gif;jpg;jpeg;jpe</Extensions>
    </Filter>
    <Filter Include="DXUT">
      <UniqueIdentifier>{a43c5c25-0e86-4a20-b64a-883785ff74fd}</UniqueIdentifier>
    </Filter>
    <Filter Include="Shaders">
      <UniqueIdentifier>{2c3d4c8c-5d1a-459a-a05a-a4e4b608a44e}</UniqueIdentifier>
      <Extensions>fx;fxh;hlsl</Extensions>
    </Filter>
    <Filter Include="include">
      <UniqueIdentifier>{6ebd943d-fee8-4d1f-9016-1b2a6d221c55}</UniqueIdentifier>
    </Filter>
    <Filter Include="Source">
      <UniqueIdentifier>{0f25e75e-62a3-49b5-8bfe-9f8cc4c2b10f}</UniqueIdentifier>
    </Filter>
    <Filter Include="Imgui">
      <UniqueIdentifier>{64ce036d-84bd-4cbc-937a-294bae4a6dfe}</UniqueIdentifier>
    </Filter>
    <Filter Include="Imgui\include">
      <UniqueIdentifier>{c210834e-2eb0-48b0-a618-dafddcb75254}</UniqueIdentifier>
    </Filter>
    <Filter Include="Imgui\sources">
      <UniqueIdentifier>{5b6b1151-9806-4825-9808-c94003e27a5d}</UniqueIdentifier>
    </Filter>
    <Filter Include="include\ECS">
      <UniqueIdentifier>{8777685e-1cfd-4b92-8fb8-f0180f47e63d}</UniqueIdentifier>
    </Filter>
    <Filter Include="include\Utilities">
      <UniqueIdentifier>{9b826f8b-b548-4258-b055-9a25d9b029bf}</UniqueIdentifier>
    </Filter>
    <Filter Include="include\Utilities\Matrix">
      <UniqueIdentifier>{57674e39-725e-4a08-9980-a301b9587adb}</UniqueIdentifier>
    </Filter>
    <Filter Include="include\Utilities\Memory">
      <UniqueIdentifier>{406a5ab8-6bb8-49fe-8544-d3995a8cabc1}</UniqueIdentifier>
    </Filter>
    <Filter Include="include\Utilities\Utilities">
      <UniqueIdentifier>{83ba726d-56db-4ded-8c45-072918bd05a6}</UniqueIdentifier>
    </Filter>
    <Filter Include="include\Utilities\Structures">
      <UniqueIdentifier>{24abdf76-9261-4128-817a-bfed72031fd9}</UniqueIdentifier>
    </Filter>
    <Filter Include="include\Utilities\Vectors">
      <UniqueIdentifier>{ffadd6e5-ec7d-4887-8969-cda25276ffb1}</UniqueIdentifier>
    </Filter>
  </ItemGroup>
  <ItemGroup>
    <ClInclude Include="include\BaseApp.h">
      <Filter>include</Filter>
    </ClInclude>
    <ClInclude Include="include\PreRequesites.h">
      <Filter>include</Filter>
    </ClInclude>
    <ClInclude Include="include\Window.h">
      <Filter>include</Filter>
    </ClInclude>
    <ClInclude Include="include\Device.h">
      <Filter>include</Filter>
    </ClInclude>
    <ClInclude Include="include\DeviceContext.h">
      <Filter>include</Filter>
    </ClInclude>
    <ClInclude Include="include\SwapChain.h">
      <Filter>include</Filter>
    </ClInclude>
    <ClInclude Include="include\Texture.h">
      <Filter>include</Filter>
    </ClInclude>
    <ClInclude Include="include\DepthStencilView.h">
      <Filter>include</Filter>
    </ClInclude>
    <ClInclude Include="include\RenderTargetView.h">
      <Filter>include</Filter>
    </ClInclude>
    <ClInclude Include="include\Viewport.h">
      <Filter>include</Filter>
    </ClInclude>
    <ClInclude Include="include\InputLayouth.h">
      <Filter>include</Filter>
    </ClInclude>
    <ClInclude Include="include\ShaderProgram.h">
      <Filter>include</Filter>
    </ClInclude>
    <ClInclude Include="include\Buffer.h">
      <Filter>include</Filter>
    </ClInclude>
    <ClInclude Include="include\SamplerState.h">
      <Filter>include</Filter>
    </ClInclude>
    <ClInclude Include="include\ModelLoader.h">
      <Filter>include</Filter>
    </ClInclude>
    <ClInclude Include="include\stb_image.h">
      <Filter>include</Filter>
    </ClInclude>
    <ClInclude Include="imgui-docking\backends\imgui_impl_dx11.h">
      <Filter>Imgui\sources</Filter>
    </ClInclude>
    <ClInclude Include="imgui-docking\backends\imgui_impl_win32.h">
      <Filter>Imgui\sources</Filter>
    </ClInclude>
    <ClInclude Include="imgui-docking\imconfig.h">
      <Filter>Imgui\include</Filter>
    </ClInclude>
    <ClInclude Include="imgui-docking\imgui.h">
      <Filter>Imgui\include</Filter>
    </ClInclude>
    <ClInclude Include="imgui-docking\imgui_internal.h">
      <Filter>Imgui\include</Filter>
    </ClInclude>
    <ClInclude Include="imgui-docking\imstb_rectpack.h">
      <Filter>Imgui\include</Filter>
    </ClInclude>
    <ClInclude Include="imgui-docking\imstb_textedit.h">
      <Filter>Imgui\include</Filter>
    </ClInclude>
    <ClInclude Include="imgui-docking\imstb_truetype.h">
      <Filter>Imgui\include</Filter>
    </ClInclude>
    <ClInclude Include="include\UserInterface.h">
      <Filter>include</Filter>
    </ClInclude>
    <ClInclude Include="include\Actor.h">
      <Filter>include\ECS</Filter>
    </ClInclude>
    <ClInclude Include="include\Entity.h">
      <Filter>include\ECS</Filter>
    </ClInclude>
    <ClInclude Include="include\Component.h">
      <Filter>include\ECS</Filter>
    </ClInclude>
    <ClInclude Include="include\MeshComponent.h">
      <Filter>include\ECS</Filter>
    </ClInclude>
    <ClInclude Include="include\Transform.h">
      <Filter>include\ECS</Filter>
    </ClInclude>
    <ClInclude Include="include\Utilities\Matrix\Matrix2x2.h">
      <Filter>include\Utilities\Matrix</Filter>
    </ClInclude>
    <ClInclude Include="include\Utilities\Matrix\Matrix3x3.h">
      <Filter>include\Utilities\Matrix</Filter>
    </ClInclude>
    <ClInclude Include="include\Utilities\Matrix\Matrix4x4.h">
      <Filter>include\Utilities\Matrix</Filter>
    </ClInclude>
    <ClInclude Include="include\Utilities\Memory\TSharedPointer.h">
      <Filter>include\Utilities\Memory</Filter>
    </ClInclude>
    <ClInclude Include="include\Utilities\Memory\TStaticPtr.h">
      <Filter>include\Utilities\Memory</Filter>
    </ClInclude>
    <ClInclude Include="include\Utilities\Memory\TUniquePtr.h">
      <Filter>include\Utilities\Memory</Filter>
    </ClInclude>
    <ClInclude Include="include\Utilities\Memory\TWeakPointer.h">
      <Filter>include\Utilities\Memory</Filter>
    </ClInclude>
    <ClInclude Include="include\Utilities\Utilities\EngineMath.h">
      <Filter>include\Utilities\Utilities</Filter>
    </ClInclude>
    <ClInclude Include="include\Utilities\Structures\TArray.h">
      <Filter>include\Utilities\Structures</Filter>
    </ClInclude>
    <ClInclude Include="include\Utilities\Structures\TMap.h">
      <Filter>include\Utilities\Structures</Filter>
    </ClInclude>
    <ClInclude Include="include\Utilities\Structures\TPair.h">
      <Filter>include\Utilities\Structures</Filter>
    </ClInclude>
    <ClInclude Include="include\Utilities\Structures\TSet.h">
      <Filter>include\Utilities\Structures</Filter>
    </ClInclude>
    <ClInclude Include="include\Utilities\Vectors\Quaternion.h">
      <Filter>include\Utilities\Vectors</Filter>
    </ClInclude>
    <ClInclude Include="include\Utilities\Vectors\Vector2.h">
      <Filter>include\Utilities\Vectors</Filter>
    </ClInclude>
    <ClInclude Include="include\Utilities\Vectors\Vector3.h">
      <Filter>include\Utilities\Vectors</Filter>
    </ClInclude>
    <ClInclude Include="include\Utilities\Vectors\Vector4.h">
      <Filter>include\Utilities\Vectors</Filter>
    </ClInclude>
  </ItemGroup>
  <ItemGroup>
    <ClCompile Include="EngineIAM.cpp" />
    <ClCompile Include="source\BaseApp.cpp">
      <Filter>Source</Filter>
    </ClCompile>
    <ClCompile Include="source\Window.cpp">
      <Filter>Source</Filter>
    </ClCompile>
    <ClCompile Include="source\Device.cpp">
      <Filter>Source</Filter>
    </ClCompile>
    <ClCompile Include="source\DeviceContext.cpp">
      <Filter>Source</Filter>
    </ClCompile>
    <ClCompile Include="source\SwapChain.cpp">
      <Filter>Source</Filter>
    </ClCompile>
    <ClCompile Include="source\Texture.cpp">
      <Filter>Source</Filter>
    </ClCompile>
    <ClCompile Include="source\DepthStencilView.cpp">
      <Filter>Source</Filter>
    </ClCompile>
    <ClCompile Include="source\RenderTargetView.cpp">
      <Filter>Source</Filter>
    </ClCompile>
    <ClCompile Include="source\Viewport.cpp">
      <Filter>Source</Filter>
    </ClCompile>
    <ClCompile Include="include\InputLayouth.cpp" />
    <ClCompile Include="source\ShaderProgram.cpp">
      <Filter>Source</Filter>
    </ClCompile>
    <ClCompile Include="source\Buffer.cpp">
      <Filter>Source</Filter>
    </ClCompile>
    <ClCompile Include="source\SamplerState.cpp">
      <Filter>Source</Filter>
    </ClCompile>
    <ClCompile Include="source\ModelLoader.cpp">
      <Filter>Source</Filter>
    </ClCompile>
    <ClCompile Include="imgui-docking\imgui.cpp">
      <Filter>Imgui\sources</Filter>
    </ClCompile>
    <ClCompile Include="imgui-docking\imgui_demo.cpp">
      <Filter>Imgui\sources</Filter>
    </ClCompile>
    <ClCompile Include="imgui-docking\imgui_draw.cpp">
      <Filter>Imgui\sources</Filter>
    </ClCompile>
    <ClCompile Include="imgui-docking\imgui_tables.cpp">
      <Filter>Imgui\sources</Filter>
    </ClCompile>
    <ClCompile Include="imgui-docking\imgui_widgets.cpp">
      <Filter>Imgui\sources</Filter>
    </ClCompile>
    <ClCompile Include="imgui-docking\backends\imgui_impl_dx11.cpp">
      <Filter>Imgui\sources</Filter>
    </ClCompile>
    <ClCompile Include="imgui-docking\backends\imgui_impl_win32.cpp">
      <Filter>Imgui\sources</Filter>
    </ClCompile>
    <ClCompile Include="source\UserInterface.cpp">
      <Filter>Source</Filter>
    </ClCompile>
    <ClCompile Include="source\Actor.cpp">
      <Filter>Source</Filter>
    </ClCompile>
    <ClCompile Include="source\Transform.cpp">
      <Filter>Source</Filter>
    </ClCompile>
  </ItemGroup>
  <ItemGroup>
    <None Include="EngineIAM.fx">
      <Filter>Shaders</Filter>
    </None>
  </ItemGroup>
  <ItemGroup>
    <CLInclude Include="resource.h">
      <Filter>Resource Files</Filter>
    </CLInclude>
    <ResourceCompile Include="EngineIAM.rc">
      <Filter>Resource Files</Filter>
    </ResourceCompile>
  </ItemGroup>
  <ItemGroup>
  </ItemGroup>
</Project>